
Microsoft Visual Studio Solution File, Format Version 12.00
# Visual Studio Version 16
VisualStudioVersion = 16.0.31321.278
MinimumVisualStudioVersion = 10.0.40219.1
Project("{9A19103F-16F7-4668-BE54-9A1E7A4F7556}") = "EvaluateDivision", "EvaluateDivision\EvaluateDivision.csproj", "{28017C75-8906-4546-908D-8702C119C5CB}"
EndProject
Project("{9A19103F-16F7-4668-BE54-9A1E7A4F7556}") = "EvaluateDivisionTest", "EvaluateDivisionTest\EvaluateDivisionTest.csproj", "{2155E5CD-D710-443D-A186-E80D80F2452B}"
EndProject
Global
	GlobalSection(SolutionConfigurationPlatforms) = preSolution
		Debug|Any CPU = Debug|Any CPU
		Release|Any CPU = Release|Any CPU
	EndGlobalSection
	GlobalSection(ProjectConfigurationPlatforms) = postSolution
		{28017C75-8906-4546-908D-8702C119C5CB}.Debug|Any CPU.ActiveCfg = Debug|Any CPU
		{28017C75-8906-4546-908D-8702C119C5CB}.Debug|Any CPU.Build.0 = Debug|Any CPU
		{28017C75-8906-4546-908D-8702C119C5CB}.Release|Any CPU.ActiveCfg = Release|Any CPU
		{28017C75-8906-4546-908D-8702C119C5CB}.Release|Any CPU.Build.0 = Release|Any CPU
		{2155E5CD-D710-443D-A186-E80D80F2452B}.Debug|Any CPU.ActiveCfg = Debug|Any CPU
		{2155E5CD-D710-443D-A186-E80D80F2452B}.Debug|Any CPU.Build.0 = Debug|Any CPU
		{2155E5CD-D710-443D-A186-E80D80F2452B}.Release|Any CPU.ActiveCfg = Release|Any CPU
		{2155E5CD-D710-443D-A186-E80D80F2452B}.Release|Any CPU.Build.0 = Release|Any CPU
	EndGlobalSection
	GlobalSection(SolutionProperties) = preSolution
		HideSolutionNode = FALSE
	EndGlobalSection
	GlobalSection(ExtensibilityGlobals) = postSolution
		SolutionGuid = {011E5B86-76FE-4B4F-ADA0-26881E198AD1}
	EndGlobalSection
EndGlobal
