
Microsoft Visual Studio Solution File, Format Version 12.00
# Visual Studio Version 16
VisualStudioVersion = 16.0.31321.278
MinimumVisualStudioVersion = 10.0.40219.1
Project("{9A19103F-16F7-4668-BE54-9A1E7A4F7556}") = "ExpressiveWords", "ExpressiveWords\ExpressiveWords.csproj", "{7B0DEAE2-461A-4A44-BDF8-A094EDEA734A}"
EndProject
Project("{9A19103F-16F7-4668-BE54-9A1E7A4F7556}") = "ExpressiveWordsTest", "ExpressiveWordsTest\ExpressiveWordsTest.csproj", "{257D7271-A593-4685-AD86-70E848D18CAB}"
EndProject
Global
	GlobalSection(SolutionConfigurationPlatforms) = preSolution
		Debug|Any CPU = Debug|Any CPU
		Release|Any CPU = Release|Any CPU
	EndGlobalSection
	GlobalSection(ProjectConfigurationPlatforms) = postSolution
		{7B0DEAE2-461A-4A44-BDF8-A094EDEA734A}.Debug|Any CPU.ActiveCfg = Debug|Any CPU
		{7B0DEAE2-461A-4A44-BDF8-A094EDEA734A}.Debug|Any CPU.Build.0 = Debug|Any CPU
		{7B0DEAE2-461A-4A44-BDF8-A094EDEA734A}.Release|Any CPU.ActiveCfg = Release|Any CPU
		{7B0DEAE2-461A-4A44-BDF8-A094EDEA734A}.Release|Any CPU.Build.0 = Release|Any CPU
		{257D7271-A593-4685-AD86-70E848D18CAB}.Debug|Any CPU.ActiveCfg = Debug|Any CPU
		{257D7271-A593-4685-AD86-70E848D18CAB}.Debug|Any CPU.Build.0 = Debug|Any CPU
		{257D7271-A593-4685-AD86-70E848D18CAB}.Release|Any CPU.ActiveCfg = Release|Any CPU
		{257D7271-A593-4685-AD86-70E848D18CAB}.Release|Any CPU.Build.0 = Release|Any CPU
	EndGlobalSection
	GlobalSection(SolutionProperties) = preSolution
		HideSolutionNode = FALSE
	EndGlobalSection
	GlobalSection(ExtensibilityGlobals) = postSolution
		SolutionGuid = {011E5B86-76FE-4B4F-ADA0-26881E198AD1}
	EndGlobalSection
EndGlobal
